// !$*UTF8*$!
{
	archiveVersion = 1;
	classes = {
	};
	objectVersion = 48;
	objects = {

/* Begin PBXBuildFile section */
		693E4A442029CD5A00BB1139 /* AppDelegate.swift in Sources */ = {isa = PBXBuildFile; fileRef = 693E4A432029CD5A00BB1139 /* AppDelegate.swift */; };
		693E4A462029CD5A00BB1139 /* ViewController.swift in Sources */ = {isa = PBXBuildFile; fileRef = 693E4A452029CD5A00BB1139 /* ViewController.swift */; };
		693E4A492029CD5A00BB1139 /* Main.storyboard in Resources */ = {isa = PBXBuildFile; fileRef = 693E4A472029CD5A00BB1139 /* Main.storyboard */; };
		693E4A4B2029CD5A00BB1139 /* Assets.xcassets in Resources */ = {isa = PBXBuildFile; fileRef = 693E4A4A2029CD5A00BB1139 /* Assets.xcassets */; };
		693E4A4E2029CD5A00BB1139 /* LaunchScreen.storyboard in Resources */ = {isa = PBXBuildFile; fileRef = 693E4A4C2029CD5A00BB1139 /* LaunchScreen.storyboard */; };
		693E4A592029CD5A00BB1139 /* GlasartTests.swift in Sources */ = {isa = PBXBuildFile; fileRef = 693E4A582029CD5A00BB1139 /* GlasartTests.swift */; };
		693E4A642029CD5B00BB1139 /* GlasartUITests.swift in Sources */ = {isa = PBXBuildFile; fileRef = 693E4A632029CD5B00BB1139 /* GlasartUITests.swift */; };
/* End PBXBuildFile section */

/* Begin PBXContainerItemProxy section */
		693E4A552029CD5A00BB1139 /* PBXContainerItemProxy */ = {
			isa = PBXContainerItemProxy;
			containerPortal = 693E4A382029CD5A00BB1139 /* Project object */;
			proxyType = 1;
			remoteGlobalIDString = 693E4A3F2029CD5A00BB1139;
			remoteInfo = Glasart;
		};
		693E4A602029CD5B00BB1139 /* PBXContainerItemProxy */ = {
			isa = PBXContainerItemProxy;
			containerPortal = 693E4A382029CD5A00BB1139 /* Project object */;
			proxyType = 1;
			remoteGlobalIDString = 693E4A3F2029CD5A00BB1139;
			remoteInfo = Glasart;
		};
/* End PBXContainerItemProxy section */

/* Begin PBXFileReference section */
		693E4A402029CD5A00BB1139 /* Glasart.app */ = {isa = PBXFileReference; explicitFileType = wrapper.application; includeInIndex = 0; path = Glasart.app; sourceTree = BUILT_PRODUCTS_DIR; };
		693E4A432029CD5A00BB1139 /* AppDelegate.swift */ = {isa = PBXFileReference; lastKnownFileType = sourcecode.swift; path = AppDelegate.swift; sourceTree = "<group>"; };
		693E4A452029CD5A00BB1139 /* ViewController.swift */ = {isa = PBXFileReference; lastKnownFileType = sourcecode.swift; path = ViewController.swift; sourceTree = "<group>"; };
		693E4A482029CD5A00BB1139 /* Base */ = {isa = PBXFileReference; lastKnownFileType = file.storyboard; name = Base; path = Base.lproj/Main.storyboard; sourceTree = "<group>"; };
		693E4A4A2029CD5A00BB1139 /* Assets.xcassets */ = {isa = PBXFileReference; lastKnownFileType = folder.assetcatalog; path = Assets.xcassets; sourceTree = "<group>"; };
		693E4A4D2029CD5A00BB1139 /* Base */ = {isa = PBXFileReference; lastKnownFileType = file.storyboard; name = Base; path = Base.lproj/LaunchScreen.storyboard; sourceTree = "<group>"; };
		693E4A4F2029CD5A00BB1139 /* Info.plist */ = {isa = PBXFileReference; lastKnownFileType = text.plist.xml; path = Info.plist; sourceTree = "<group>"; };
		693E4A542029CD5A00BB1139 /* GlasartTests.xctest */ = {isa = PBXFileReference; explicitFileType = wrapper.cfbundle; includeInIndex = 0; path = GlasartTests.xctest; sourceTree = BUILT_PRODUCTS_DIR; };
		693E4A582029CD5A00BB1139 /* GlasartTests.swift */ = {isa = PBXFileReference; lastKnownFileType = sourcecode.swift; path = GlasartTests.swift; sourceTree = "<group>"; };
		693E4A5A2029CD5A00BB1139 /* Info.plist */ = {isa = PBXFileReference; lastKnownFileType = text.plist.xml; path = Info.plist; sourceTree = "<group>"; };
		693E4A5F2029CD5B00BB1139 /* GlasartUITests.xctest */ = {isa = PBXFileReference; explicitFileType = wrapper.cfbundle; includeInIndex = 0; path = GlasartUITests.xctest; sourceTree = BUILT_PRODUCTS_DIR; };
		693E4A632029CD5B00BB1139 /* GlasartUITests.swift */ = {isa = PBXFileReference; lastKnownFileType = sourcecode.swift; path = GlasartUITests.swift; sourceTree = "<group>"; };
		693E4A652029CD5B00BB1139 /* Info.plist */ = {isa = PBXFileReference; lastKnownFileType = text.plist.xml; path = Info.plist; sourceTree = "<group>"; };
/* End PBXFileReference section */

/* Begin PBXFrameworksBuildPhase section */
		693E4A3D2029CD5A00BB1139 /* Frameworks */ = {
			isa = PBXFrameworksBuildPhase;
			buildActionMask = 2147483647;
			files = (
			);
			runOnlyForDeploymentPostprocessing = 0;
		};
		693E4A512029CD5A00BB1139 /* Frameworks */ = {
			isa = PBXFrameworksBuildPhase;
			buildActionMask = 2147483647;
			files = (
			);
			runOnlyForDeploymentPostprocessing = 0;
		};
		693E4A5C2029CD5B00BB1139 /* Frameworks */ = {
			isa = PBXFrameworksBuildPhase;
			buildActionMask = 2147483647;
			files = (
			);
			runOnlyForDeploymentPostprocessing = 0;
		};
/* End PBXFrameworksBuildPhase section */

/* Begin PBXGroup section */
		693E4A372029CD5A00BB1139 = {
			isa = PBXGroup;
			children = (
				693E4A422029CD5A00BB1139 /* Glasart */,
				693E4A572029CD5A00BB1139 /* GlasartTests */,
				693E4A622029CD5B00BB1139 /* GlasartUITests */,
				693E4A412029CD5A00BB1139 /* Products */,
			);
			sourceTree = "<group>";
		};
		693E4A412029CD5A00BB1139 /* Products */ = {
			isa = PBXGroup;
			children = (
				693E4A402029CD5A00BB1139 /* Glasart.app */,
				693E4A542029CD5A00BB1139 /* GlasartTests.xctest */,
				693E4A5F2029CD5B00BB1139 /* GlasartUITests.xctest */,
			);
			name = Products;
			sourceTree = "<group>";
		};
		693E4A422029CD5A00BB1139 /* Glasart */ = {
			isa = PBXGroup;
			children = (
				693E4A432029CD5A00BB1139 /* AppDelegate.swift */,
				693E4A452029CD5A00BB1139 /* ViewController.swift */,
				693E4A472029CD5A00BB1139 /* Main.storyboard */,
				693E4A4A2029CD5A00BB1139 /* Assets.xcassets */,
				693E4A4C2029CD5A00BB1139 /* LaunchScreen.storyboard */,
				693E4A4F2029CD5A00BB1139 /* Info.plist */,
			);
			path = Glasart;
			sourceTree = "<group>";
		};
		693E4A572029CD5A00BB1139 /* GlasartTests */ = {
			isa = PBXGroup;
			children = (
				693E4A582029CD5A00BB1139 /* GlasartTests.swift */,
				693E4A5A2029CD5A00BB1139 /* Info.plist */,
			);
			path = GlasartTests;
			sourceTree = "<group>";
		};
		693E4A622029CD5B00BB1139 /* GlasartUITests */ = {
			isa = PBXGroup;
			children = (
				693E4A632029CD5B00BB1139 /* GlasartUITests.swift */,
				693E4A652029CD5B00BB1139 /* Info.plist */,
			);
			path = GlasartUITests;
			sourceTree = "<group>";
		};
/* End PBXGroup section */

/* Begin PBXNativeTarget section */
		693E4A3F2029CD5A00BB1139 /* Glasart */ = {
			isa = PBXNativeTarget;
			buildConfigurationList = 693E4A682029CD5B00BB1139 /* Build configuration list for PBXNativeTarget "Glasart" */;
			buildPhases = (
				693E4A3C2029CD5A00BB1139 /* Sources */,
				693E4A3D2029CD5A00BB1139 /* Frameworks */,
				693E4A3E2029CD5A00BB1139 /* Resources */,
			);
			buildRules = (
			);
			dependencies = (
			);
			name = Glasart;
			productName = Glasart;
			productReference = 693E4A402029CD5A00BB1139 /* Glasart.app */;
			productType = "com.apple.product-type.application";
		};
		693E4A532029CD5A00BB1139 /* GlasartTests */ = {
			isa = PBXNativeTarget;
			buildConfigurationList = 693E4A6B2029CD5B00BB1139 /* Build configuration list for PBXNativeTarget "GlasartTests" */;
			buildPhases = (
				693E4A502029CD5A00BB1139 /* Sources */,
				693E4A512029CD5A00BB1139 /* Frameworks */,
				693E4A522029CD5A00BB1139 /* Resources */,
			);
			buildRules = (
			);
			dependencies = (
				693E4A562029CD5A00BB1139 /* PBXTargetDependency */,
			);
			name = GlasartTests;
			productName = GlasartTests;
			productReference = 693E4A542029CD5A00BB1139 /* GlasartTests.xctest */;
			productType = "com.apple.product-type.bundle.unit-test";
		};
		693E4A5E2029CD5B00BB1139 /* GlasartUITests */ = {
			isa = PBXNativeTarget;
			buildConfigurationList = 693E4A6E2029CD5B00BB1139 /* Build configuration list for PBXNativeTarget "GlasartUITests" */;
			buildPhases = (
				693E4A5B2029CD5B00BB1139 /* Sources */,
				693E4A5C2029CD5B00BB1139 /* Frameworks */,
				693E4A5D2029CD5B00BB1139 /* Resources */,
			);
			buildRules = (
			);
			dependencies = (
				693E4A612029CD5B00BB1139 /* PBXTargetDependency */,
			);
			name = GlasartUITests;
			productName = GlasartUITests;
			productReference = 693E4A5F2029CD5B00BB1139 /* GlasartUITests.xctest */;
			productType = "com.apple.product-type.bundle.ui-testing";
		};
/* End PBXNativeTarget section */

/* Begin PBXProject section */
		693E4A382029CD5A00BB1139 /* Project object */ = {
			isa = PBXProject;
			attributes = {
				LastSwiftUpdateCheck = 0920;
				LastUpgradeCheck = 0920;
				ORGANIZATIONNAME = FluidObjects;
				TargetAttributes = {
					693E4A3F2029CD5A00BB1139 = {
						CreatedOnToolsVersion = 9.2;
						ProvisioningStyle = Automatic;
					};
					693E4A532029CD5A00BB1139 = {
						CreatedOnToolsVersion = 9.2;
						ProvisioningStyle = Automatic;
						TestTargetID = 693E4A3F2029CD5A00BB1139;
					};
					693E4A5E2029CD5B00BB1139 = {
						CreatedOnToolsVersion = 9.2;
						ProvisioningStyle = Automatic;
						TestTargetID = 693E4A3F2029CD5A00BB1139;
					};
				};
			};
			buildConfigurationList = 693E4A3B2029CD5A00BB1139 /* Build configuration list for PBXProject "Glasart" */;
			compatibilityVersion = "Xcode 8.0";
			developmentRegion = en;
			hasScannedForEncodings = 0;
			knownRegions = (
				en,
				Base,
			);
			mainGroup = 693E4A372029CD5A00BB1139;
			productRefGroup = 693E4A412029CD5A00BB1139 /* Products */;
			projectDirPath = "";
			projectRoot = "";
			targets = (
				693E4A3F2029CD5A00BB1139 /* Glasart */,
				693E4A532029CD5A00BB1139 /* GlasartTests */,
				693E4A5E2029CD5B00BB1139 /* GlasartUITests */,
			);
		};
/* End PBXProject section */

/* Begin PBXResourcesBuildPhase section */
		693E4A3E2029CD5A00BB1139 /* Resources */ = {
			isa = PBXResourcesBuildPhase;
			buildActionMask = 2147483647;
			files = (
				693E4A4E2029CD5A00BB1139 /* LaunchScreen.storyboard in Resources */,
				693E4A4B2029CD5A00BB1139 /* Assets.xcassets in Resources */,
				693E4A492029CD5A00BB1139 /* Main.storyboard in Resources */,
			);
			runOnlyForDeploymentPostprocessing = 0;
		};
		693E4A522029CD5A00BB1139 /* Resources */ = {
			isa = PBXResourcesBuildPhase;
			buildActionMask = 2147483647;
			files = (
			);
			runOnlyForDeploymentPostprocessing = 0;
		};
		693E4A5D2029CD5B00BB1139 /* Resources */ = {
			isa = PBXResourcesBuildPhase;
			buildActionMask = 2147483647;
			files = (
			);
			runOnlyForDeploymentPostprocessing = 0;
		};
/* End PBXResourcesBuildPhase section */

/* Begin PBXSourcesBuildPhase section */
		693E4A3C2029CD5A00BB1139 /* Sources */ = {
			isa = PBXSourcesBuildPhase;
			buildActionMask = 2147483647;
			files = (
				693E4A462029CD5A00BB1139 /* ViewController.swift in Sources */,
				693E4A442029CD5A00BB1139 /* AppDelegate.swift in Sources */,
			);
			runOnlyForDeploymentPostprocessing = 0;
		};
		693E4A502029CD5A00BB1139 /* Sources */ = {
			isa = PBXSourcesBuildPhase;
			buildActionMask = 2147483647;
			files = (
				693E4A592029CD5A00BB1139 /* GlasartTests.swift in Sources */,
			);
			runOnlyForDeploymentPostprocessing = 0;
		};
		693E4A5B2029CD5B00BB1139 /* Sources */ = {
			isa = PBXSourcesBuildPhase;
			buildActionMask = 2147483647;
			files = (
				693E4A642029CD5B00BB1139 /* GlasartUITests.swift in Sources */,
			);
			runOnlyForDeploymentPostprocessing = 0;
		};
/* End PBXSourcesBuildPhase section */

/* Begin PBXTargetDependency section */
		693E4A562029CD5A00BB1139 /* PBXTargetDependency */ = {
			isa = PBXTargetDependency;
			target = 693E4A3F2029CD5A00BB1139 /* Glasart */;
			targetProxy = 693E4A552029CD5A00BB1139 /* PBXContainerItemProxy */;
		};
		693E4A612029CD5B00BB1139 /* PBXTargetDependency */ = {
			isa = PBXTargetDependency;
			target = 693E4A3F2029CD5A00BB1139 /* Glasart */;
			targetProxy = 693E4A602029CD5B00BB1139 /* PBXContainerItemProxy */;
		};
/* End PBXTargetDependency section */

/* Begin PBXVariantGroup section */
		693E4A472029CD5A00BB1139 /* Main.storyboard */ = {
			isa = PBXVariantGroup;
			children = (
				693E4A482029CD5A00BB1139 /* Base */,
			);
			name = Main.storyboard;
			sourceTree = "<group>";
		};
		693E4A4C2029CD5A00BB1139 /* LaunchScreen.storyboard */ = {
			isa = PBXVariantGroup;
			children = (
				693E4A4D2029CD5A00BB1139 /* Base */,
			);
			name = LaunchScreen.storyboard;
			sourceTree = "<group>";
		};
/* End PBXVariantGroup section */

/* Begin XCBuildConfiguration section */
		693E4A662029CD5B00BB1139 /* Debug */ = {
			isa = XCBuildConfiguration;
			buildSettings = {
				ALWAYS_SEARCH_USER_PATHS = NO;
				CLANG_ANALYZER_NONNULL = YES;
				CLANG_ANALYZER_NUMBER_OBJECT_CONVERSION = YES_AGGRESSIVE;
				CLANG_CXX_LANGUAGE_STANDARD = "gnu++14";
				CLANG_CXX_LIBRARY = "libc++";
				CLANG_ENABLE_MODULES = YES;
				CLANG_ENABLE_OBJC_ARC = YES;
				CLANG_WARN_BLOCK_CAPTURE_AUTORELEASING = YES;
				CLANG_WARN_BOOL_CONVERSION = YES;
				CLANG_WARN_COMMA = YES;
				CLANG_WARN_CONSTANT_CONVERSION = YES;
				CLANG_WARN_DIRECT_OBJC_ISA_USAGE = YES_ERROR;
				CLANG_WARN_DOCUMENTATION_COMMENTS = YES;
				CLANG_WARN_EMPTY_BODY = YES;
				CLANG_WARN_ENUM_CONVERSION = YES;
				CLANG_WARN_INFINITE_RECURSION = YES;
				CLANG_WARN_INT_CONVERSION = YES;
				CLANG_WARN_NON_LITERAL_NULL_CONVERSION = YES;
				CLANG_WARN_OBJC_LITERAL_CONVERSION = YES;
				CLANG_WARN_OBJC_ROOT_CLASS = YES_ERROR;
				CLANG_WARN_RANGE_LOOP_ANALYSIS = YES;
				CLANG_WARN_STRICT_PROTOTYPES = YES;
				CLANG_WARN_SUSPICIOUS_MOVE = YES;
				CLANG_WARN_UNGUARDED_AVAILABILITY = YES_AGGRESSIVE;
				CLANG_WARN_UNREACHABLE_CODE = YES;
				CLANG_WARN__DUPLICATE_METHOD_MATCH = YES;
				CODE_SIGN_IDENTITY = "iPhone Developer";
				COPY_PHASE_STRIP = NO;
				DEBUG_INFORMATION_FORMAT = dwarf;
				ENABLE_STRICT_OBJC_MSGSEND = YES;
				ENABLE_TESTABILITY = YES;
				GCC_C_LANGUAGE_STANDARD = gnu11;
				GCC_DYNAMIC_NO_PIC = NO;
				GCC_NO_COMMON_BLOCKS = YES;
				GCC_OPTIMIZATION_LEVEL = 0;
				GCC_PREPROCESSOR_DEFINITIONS = (
					"DEBUG=1",
					"$(inherited)",
				);
				GCC_WARN_64_TO_32_BIT_CONVERSION = YES;
				GCC_WARN_ABOUT_RETURN_TYPE = YES_ERROR;
				GCC_WARN_UNDECLARED_SELECTOR = YES;
				GCC_WARN_UNINITIALIZED_AUTOS = YES_AGGRESSIVE;
				GCC_WARN_UNUSED_FUNCTION = YES;
				GCC_WARN_UNUSED_VARIABLE = YES;
				IPHONEOS_DEPLOYMENT_TARGET = 11.2;
				MTL_ENABLE_DEBUG_INFO = YES;
				ONLY_ACTIVE_ARCH = YES;
				SDKROOT = iphoneos;
				SWIFT_ACTIVE_COMPILATION_CONDITIONS = DEBUG;
				SWIFT_OPTIMIZATION_LEVEL = "-Onone";
			};
			name = Debug;
		};
		693E4A672029CD5B00BB1139 /* Release */ = {
			isa = XCBuildConfiguration;
			buildSettings = {
				ALWAYS_SEARCH_USER_PATHS = NO;
				CLANG_ANALYZER_NONNULL = YES;
				CLANG_ANALYZER_NUMBER_OBJECT_CONVERSION = YES_AGGRESSIVE;
				CLANG_CXX_LANGUAGE_STANDARD = "gnu++14";
				CLANG_CXX_LIBRARY = "libc++";
				CLANG_ENABLE_MODULES = YES;
				CLANG_ENABLE_OBJC_ARC = YES;
				CLANG_WARN_BLOCK_CAPTURE_AUTORELEASING = YES;
				CLANG_WARN_BOOL_CONVERSION = YES;
				CLANG_WARN_COMMA = YES;
				CLANG_WARN_CONSTANT_CONVERSION = YES;
				CLANG_WARN_DIRECT_OBJC_ISA_USAGE = YES_ERROR;
				CLANG_WARN_DOCUMENTATION_COMMENTS = YES;
				CLANG_WARN_EMPTY_BODY = YES;
				CLANG_WARN_ENUM_CONVERSION = YES;
				CLANG_WARN_INFINITE_RECURSION = YES;
				CLANG_WARN_INT_CONVERSION = YES;
				CLANG_WARN_NON_LITERAL_NULL_CONVERSION = YES;
				CLANG_WARN_OBJC_LITERAL_CONVERSION = YES;
				CLANG_WARN_OBJC_ROOT_CLASS = YES_ERROR;
				CLANG_WARN_RANGE_LOOP_ANALYSIS = YES;
				CLANG_WARN_STRICT_PROTOTYPES = YES;
				CLANG_WARN_SUSPICIOUS_MOVE = YES;
				CLANG_WARN_UNGUARDED_AVAILABILITY = YES_AGGRESSIVE;
				CLANG_WARN_UNREACHABLE_CODE = YES;
				CLANG_WARN__DUPLICATE_METHOD_MATCH = YES;
				CODE_SIGN_IDENTITY = "iPhone Developer";
				COPY_PHASE_STRIP = NO;
				DEBUG_INFORMATION_FORMAT = "dwarf-with-dsym";
				ENABLE_NS_ASSERTIONS = NO;
				ENABLE_STRICT_OBJC_MSGSEND = YES;
				GCC_C_LANGUAGE_STANDARD = gnu11;
				GCC_NO_COMMON_BLOCKS = YES;
				GCC_WARN_64_TO_32_BIT_CONVERSION = YES;
				GCC_WARN_ABOUT_RETURN_TYPE = YES_ERROR;
				GCC_WARN_UNDECLARED_SELECTOR = YES;
				GCC_WARN_UNINITIALIZED_AUTOS = YES_AGGRESSIVE;
				GCC_WARN_UNUSED_FUNCTION = YES;
				GCC_WARN_UNUSED_VARIABLE = YES;
				IPHONEOS_DEPLOYMENT_TARGET = 11.2;
				MTL_ENABLE_DEBUG_INFO = NO;
				SDKROOT = iphoneos;
				SWIFT_OPTIMIZATION_LEVEL = "-Owholemodule";
				VALIDATE_PRODUCT = YES;
			};
			name = Release;
		};
		693E4A692029CD5B00BB1139 /* Debug */ = {
			isa = XCBuildConfiguration;
			buildSettings = {
				ASSETCATALOG_COMPILER_APPICON_NAME = AppIcon;
				CODE_SIGN_STYLE = Automatic;
				INFOPLIST_FILE = Glasart/Info.plist;
				LD_RUNPATH_SEARCH_PATHS = "$(inherited) @executable_path/Frameworks";
				PRODUCT_BUNDLE_IDENTIFIER = com.fluidobjects.Glasart;
				PRODUCT_NAME = "$(TARGET_NAME)";
				SWIFT_VERSION = 4.0;
				TARGETED_DEVICE_FAMILY = "1,2";
			};
			name = Debug;
		};
		693E4A6A2029CD5B00BB1139 /* Release */ = {
			isa = XCBuildConfiguration;
			buildSettings = {
				ASSETCATALOG_COMPILER_APPICON_NAME = AppIcon;
				CODE_SIGN_STYLE = Automatic;
				INFOPLIST_FILE = Glasart/Info.plist;
				LD_RUNPATH_SEARCH_PATHS = "$(inherited) @executable_path/Frameworks";
				PRODUCT_BUNDLE_IDENTIFIER = com.fluidobjects.Glasart;
				PRODUCT_NAME = "$(TARGET_NAME)";
				SWIFT_VERSION = 4.0;
				TARGETED_DEVICE_FAMILY = "1,2";
			};
			name = Release;
		};
		693E4A6C2029CD5B00BB1139 /* Debug */ = {
			isa = XCBuildConfiguration;
			buildSettings = {
				ALWAYS_EMBED_SWIFT_STANDARD_LIBRARIES = YES;
				BUNDLE_LOADER = "$(TEST_HOST)";
				CODE_SIGN_STYLE = Automatic;
				INFOPLIST_FILE = GlasartTests/Info.plist;
				LD_RUNPATH_SEARCH_PATHS = "$(inherited) @executable_path/Frameworks @loader_path/Frameworks";
				PRODUCT_BUNDLE_IDENTIFIER = com.fluidobjects.GlasartTests;
				PRODUCT_NAME = "$(TARGET_NAME)";
				SWIFT_VERSION = 4.0;
				TARGETED_DEVICE_FAMILY = "1,2";
				TEST_HOST = "$(BUILT_PRODUCTS_DIR)/Glasart.app/Glasart";
			};
			name = Debug;
		};
		693E4A6D2029CD5B00BB1139 /* Release */ = {
			isa = XCBuildConfiguration;
			buildSettings = {
				ALWAYS_EMBED_SWIFT_STANDARD_LIBRARIES = YES;
				BUNDLE_LOADER = "$(TEST_HOST)";
				CODE_SIGN_STYLE = Automatic;
				INFOPLIST_FILE = GlasartTests/Info.plist;
				LD_RUNPATH_SEARCH_PATHS = "$(inherited) @executable_path/Frameworks @loader_path/Frameworks";
				PRODUCT_BUNDLE_IDENTIFIER = com.fluidobjects.GlasartTests;
				PRODUCT_NAME = "$(TARGET_NAME)";
				SWIFT_VERSION = 4.0;
				TARGETED_DEVICE_FAMILY = "1,2";
				TEST_HOST = "$(BUILT_PRODUCTS_DIR)/Glasart.app/Glasart";
			};
			name = Release;
		};
		693E4A6F2029CD5B00BB1139 /* Debug */ = {
			isa = XCBuildConfiguration;
			buildSettings = {
				ALWAYS_EMBED_SWIFT_STANDARD_LIBRARIES = YES;
				CODE_SIGN_STYLE = Automatic;
				INFOPLIST_FILE = GlasartUITests/Info.plist;
				LD_RUNPATH_SEARCH_PATHS = "$(inherited) @executable_path/Frameworks @loader_path/Frameworks";
				PRODUCT_BUNDLE_IDENTIFIER = com.fluidobjects.GlasartUITests;
				PRODUCT_NAME = "$(TARGET_NAME)";
				SWIFT_VERSION = 4.0;
				TARGETED_DEVICE_FAMILY = "1,2";
				TEST_TARGET_NAME = Glasart;
			};
			name = Debug;
		};
		693E4A702029CD5B00BB1139 /* Release */ = {
			isa = XCBuildConfiguration;
			buildSettings = {
				ALWAYS_EMBED_SWIFT_STANDARD_LIBRARIES = YES;
				CODE_SIGN_STYLE = Automatic;
				INFOPLIST_FILE = GlasartUITests/Info.plist;
				LD_RUNPATH_SEARCH_PATHS = "$(inherited) @executable_path/Frameworks @loader_path/Frameworks";
				PRODUCT_BUNDLE_IDENTIFIER = com.fluidobjects.GlasartUITests;
				PRODUCT_NAME = "$(TARGET_NAME)";
				SWIFT_VERSION = 4.0;
				TARGETED_DEVICE_FAMILY = "1,2";
				TEST_TARGET_NAME = Glasart;
			};
			name = Release;
		};
/* End XCBuildConfiguration section */

/* Begin XCConfigurationList section */
		693E4A3B2029CD5A00BB1139 /* Build configuration list for PBXProject "Glasart" */ = {
			isa = XCConfigurationList;
			buildConfigurations = (
				693E4A662029CD5B00BB1139 /* Debug */,
				693E4A672029CD5B00BB1139 /* Release */,
			);
			defaultConfigurationIsVisible = 0;
			defaultConfigurationName = Release;
		};
		693E4A682029CD5B00BB1139 /* Build configuration list for PBXNativeTarget "Glasart" */ = {
			isa = XCConfigurationList;
			buildConfigurations = (
				693E4A692029CD5B00BB1139 /* Debug */,
				693E4A6A2029CD5B00BB1139 /* Release */,
			);
			defaultConfigurationIsVisible = 0;
			defaultConfigurationName = Release;
		};
		693E4A6B2029CD5B00BB1139 /* Build configuration list for PBXNativeTarget "GlasartTests" */ = {
			isa = XCConfigurationList;
			buildConfigurations = (
				693E4A6C2029CD5B00BB1139 /* Debug */,
				693E4A6D2029CD5B00BB1139 /* Release */,
			);
			defaultConfigurationIsVisible = 0;
			defaultConfigurationName = Release;
		};
		693E4A6E2029CD5B00BB1139 /* Build configuration list for PBXNativeTarget "GlasartUITests" */ = {
			isa = XCConfigurationList;
			buildConfigurations = (
				693E4A6F2029CD5B00BB1139 /* Debug */,
				693E4A702029CD5B00BB1139 /* Release */,
			);
			defaultConfigurationIsVisible = 0;
			defaultConfigurationName = Release;
		};
/* End XCConfigurationList section */
	};
	rootObject = 693E4A382029CD5A00BB1139 /* Project object */;
}
